
Microsoft Visual Studio Solution File, Format Version 12.00
# Visual Studio Version 17
VisualStudioVersion = 17.6.33829.357
MinimumVisualStudioVersion = 10.0.40219.1
Project("{FAE04EC0-301F-11D3-BF4B-00C04F79EFBC}") = "Assignment-5", "Assignment-5.csproj", "{AAAA8DC2-9D83-408D-9DA8-1F48169A6E7A}"
EndProject
Global
	GlobalSection(SolutionConfigurationPlatforms) = preSolution
		Debug|Any CPU = Debug|Any CPU
		Release|Any CPU = Release|Any CPU
	EndGlobalSection
	GlobalSection(ProjectConfigurationPlatforms) = postSolution
		{AAAA8DC2-9D83-408D-9DA8-1F48169A6E7A}.Debug|Any CPU.ActiveCfg = Debug|Any CPU
		{AAAA8DC2-9D83-408D-9DA8-1F48169A6E7A}.Debug|Any CPU.Build.0 = Debug|Any CPU
		{AAAA8DC2-9D83-408D-9DA8-1F48169A6E7A}.Release|Any CPU.ActiveCfg = Release|Any CPU
		{AAAA8DC2-9D83-408D-9DA8-1F48169A6E7A}.Release|Any CPU.Build.0 = Release|Any CPU
	EndGlobalSection
	GlobalSection(SolutionProperties) = preSolution
		HideSolutionNode = FALSE
	EndGlobalSection
	GlobalSection(ExtensibilityGlobals) = postSolution
		SolutionGuid = {998DE695-EEEB-4805-B409-CDA7F86B317E}
	EndGlobalSection
EndGlobal
